
Microsoft Visual Studio Solution File, Format Version 10.00
# Visual Studio 2008
Project("{8BC9CEB8-8B4A-11D0-8D11-00A0C91BC942}") = "Win32Dialog", "Win32Dialog.vcproj", "{DE90BB81-075D-47E4-B68F-7A82E2A28635}"
EndProject
Global
	GlobalSection(SolutionConfigurationPlatforms) = preSolution
		Debug|Win32 = Debug|Win32
		Release|Win32 = Release|Win32
	EndGlobalSection
	GlobalSection(ProjectConfigurationPlatforms) = postSolution
		{DE90BB81-075D-47E4-B68F-7A82E2A28635}.Debug|Win32.ActiveCfg = Debug|Win32
		{DE90BB81-075D-47E4-B68F-7A82E2A28635}.Debug|Win32.Build.0 = Debug|Win32
		{DE90BB81-075D-47E4-B68F-7A82E2A28635}.Release|Win32.ActiveCfg = Release|Win32
		{DE90BB81-075D-47E4-B68F-7A82E2A28635}.Release|Win32.Build.0 = Release|Win32
	EndGlobalSection
	GlobalSection(SolutionProperties) = preSolution
		HideSolutionNode = FALSE
	EndGlobalSection
EndGlobal
